
Microsoft Visual Studio Solution File, Format Version 12.00
# Visual Studio Version 17
VisualStudioVersion = 17.1.32319.34
MinimumVisualStudioVersion = 10.0.40219.1
Project("{9A19103F-16F7-4668-BE54-9A1E7A4F7556}") = "BBPlusTwitch", "BBPlusTwitch\BBPlusTwitch.csproj", "{B77A47F6-5E38-4054-AA63-BA2C2372054C}"
EndProject
Global
	GlobalSection(SolutionConfigurationPlatforms) = preSolution
		BBCR|Any CPU = BBCR|Any CPU
		Debug|Any CPU = Debug|Any CPU
		Release|Any CPU = Release|Any CPU
	EndGlobalSection
	GlobalSection(ProjectConfigurationPlatforms) = postSolution
		{B77A47F6-5E38-4054-AA63-BA2C2372054C}.BBCR|Any CPU.ActiveCfg = BBCR|Any CPU
		{B77A47F6-5E38-4054-AA63-BA2C2372054C}.BBCR|Any CPU.Build.0 = BBCR|Any CPU
		{B77A47F6-5E38-4054-AA63-BA2C2372054C}.Debug|Any CPU.ActiveCfg = Debug|Any CPU
		{B77A47F6-5E38-4054-AA63-BA2C2372054C}.Debug|Any CPU.Build.0 = Debug|Any CPU
		{B77A47F6-5E38-4054-AA63-BA2C2372054C}.Release|Any CPU.ActiveCfg = Release|Any CPU
		{B77A47F6-5E38-4054-AA63-BA2C2372054C}.Release|Any CPU.Build.0 = Release|Any CPU
	EndGlobalSection
	GlobalSection(SolutionProperties) = preSolution
		HideSolutionNode = FALSE
	EndGlobalSection
	GlobalSection(ExtensibilityGlobals) = postSolution
		SolutionGuid = {A233F2B5-27EF-4661-A12B-9F629EA78B76}
	EndGlobalSection
EndGlobal
